Microsoft Visual Studio Solution File, Format Version 12.00
# Visual Studio 2013
VisualStudioVersion = 12.0.31101.0
MinimumVisualStudioVersion = 10.0.40219.1
Project("{FAE04EC0-301F-11D3-BF4B-00C04F79EFBC}") = "CashCode.Net", "CashCode.Net\CashCode.Net.csproj", "{71B8BA4F-9AE3-4EC9-8196-79E0A2A4834B}"
EndProject
Project("{FAE04EC0-301F-11D3-BF4B-00C04F79EFBC}") = "CashCode.Wpf", "CashCode.Wpf\CashCode.Wpf.csproj", "{AC1FB943-2B71-4133-9388-3C6F599220E2}"
EndProject
Global
	GlobalSection(SolutionConfigurationPlatforms) = preSolution
		Debug (remote)|Any CPU = Debug (remote)|Any CPU
		Debug (remote)|Mixed Platforms = Debug (remote)|Mixed Platforms
		Debug (remote)|x86 = Debug (remote)|x86
		Debug|Any CPU = Debug|Any CPU
		Debug|Mixed Platforms = Debug|Mixed Platforms
		Debug|x86 = Debug|x86
		Release|Any CPU = Release|Any CPU
		Release|Mixed Platforms = Release|Mixed Platforms
		Release|x86 = Release|x86
	EndGlobalSection
	GlobalSection(ProjectConfigurationPlatforms) = postSolution
		{71B8BA4F-9AE3-4EC9-8196-79E0A2A4834B}.Debug (remote)|Any CPU.ActiveCfg = Debug (remote)|Any CPU
		{71B8BA4F-9AE3-4EC9-8196-79E0A2A4834B}.Debug (remote)|Any CPU.Build.0 = Debug (remote)|Any CPU
		{71B8BA4F-9AE3-4EC9-8196-79E0A2A4834B}.Debug (remote)|Mixed Platforms.ActiveCfg = Debug (remote)|Any CPU
		{71B8BA4F-9AE3-4EC9-8196-79E0A2A4834B}.Debug (remote)|Mixed Platforms.Build.0 = Debug (remote)|Any CPU
		{71B8BA4F-9AE3-4EC9-8196-79E0A2A4834B}.Debug (remote)|x86.ActiveCfg = Debug (remote)|Any CPU
		{71B8BA4F-9AE3-4EC9-8196-79E0A2A4834B}.Debug|Any CPU.ActiveCfg = Debug|Any CPU
		{71B8BA4F-9AE3-4EC9-8196-79E0A2A4834B}.Debug|Any CPU.Build.0 = Debug|Any CPU
		{71B8BA4F-9AE3-4EC9-8196-79E0A2A4834B}.Debug|Mixed Platforms.ActiveCfg = Debug|Any CPU
		{71B8BA4F-9AE3-4EC9-8196-79E0A2A4834B}.Debug|Mixed Platforms.Build.0 = Debug|Any CPU
		{71B8BA4F-9AE3-4EC9-8196-79E0A2A4834B}.Debug|x86.ActiveCfg = Debug|Any CPU
		{71B8BA4F-9AE3-4EC9-8196-79E0A2A4834B}.Release|Any CPU.ActiveCfg = Release|Any CPU
		{71B8BA4F-9AE3-4EC9-8196-79E0A2A4834B}.Release|Any CPU.Build.0 = Release|Any CPU
		{71B8BA4F-9AE3-4EC9-8196-79E0A2A4834B}.Release|Mixed Platforms.ActiveCfg = Release|Any CPU
		{71B8BA4F-9AE3-4EC9-8196-79E0A2A4834B}.Release|Mixed Platforms.Build.0 = Release|Any CPU
		{71B8BA4F-9AE3-4EC9-8196-79E0A2A4834B}.Release|x86.ActiveCfg = Release|Any CPU
		{AC1FB943-2B71-4133-9388-3C6F599220E2}.Debug (remote)|Any CPU.ActiveCfg = Debug (remote)|x86
		{AC1FB943-2B71-4133-9388-3C6F599220E2}.Debug (remote)|Mixed Platforms.ActiveCfg = Debug (remote)|x86
		{AC1FB943-2B71-4133-9388-3C6F599220E2}.Debug (remote)|Mixed Platforms.Build.0 = Debug (remote)|x86
		{AC1FB943-2B71-4133-9388-3C6F599220E2}.Debug (remote)|x86.ActiveCfg = Debug (remote)|x86
		{AC1FB943-2B71-4133-9388-3C6F599220E2}.Debug (remote)|x86.Build.0 = Debug (remote)|x86
		{AC1FB943-2B71-4133-9388-3C6F599220E2}.Debug|Any CPU.ActiveCfg = Debug|x86
		{AC1FB943-2B71-4133-9388-3C6F599220E2}.Debug|Mixed Platforms.ActiveCfg = Debug|x86
		{AC1FB943-2B71-4133-9388-3C6F599220E2}.Debug|Mixed Platforms.Build.0 = Debug|x86
		{AC1FB943-2B71-4133-9388-3C6F599220E2}.Debug|x86.ActiveCfg = Debug|x86
		{AC1FB943-2B71-4133-9388-3C6F599220E2}.Debug|x86.Build.0 = Debug|x86
		{AC1FB943-2B71-4133-9388-3C6F599220E2}.Release|Any CPU.ActiveCfg = Release|x86
		{AC1FB943-2B71-4133-9388-3C6F599220E2}.Release|Mixed Platforms.ActiveCfg = Release|x86
		{AC1FB943-2B71-4133-9388-3C6F599220E2}.Release|Mixed Platforms.Build.0 = Release|x86
		{AC1FB943-2B71-4133-9388-3C6F599220E2}.Release|x86.ActiveCfg = Release|x86
		{AC1FB943-2B71-4133-9388-3C6F599220E2}.Release|x86.Build.0 = Release|x86
	EndGlobalSection
	GlobalSection(SolutionProperties) = preSolution
		HideSolutionNode = FALSE
	EndGlobalSection
EndGlobal
